
Microsoft Visual Studio Solution File, Format Version 12.00
# Visual Studio 14
VisualStudioVersion = 14.0.25420.1
MinimumVisualStudioVersion = 10.0.40219.1
Project("{FAE04EC0-301F-11D3-BF4B-00C04F79EFBC}") = "Ej1", "Ej1\Ej1.csproj", "{A5EE95CB-C4EC-4352-BBE8-5DD468D4F81F}"
EndProject
Project("{FAE04EC0-301F-11D3-BF4B-00C04F79EFBC}") = "Ej5", "Ej6\Ej5.csproj", "{91112AE7-471F-4F7C-A9DC-9AB799E91B73}"
EndProject
Project("{FAE04EC0-301F-11D3-BF4B-00C04F79EFBC}") = "Ej3", "Ej3\Ej3.csproj", "{872EDA0A-A9D0-4D9F-BFA1-288B2E258D18}"
EndProject
Project("{FAE04EC0-301F-11D3-BF4B-00C04F79EFBC}") = "EJ7", "EJ7\EJ7.csproj", "{07CAABFF-0B60-480E-85C2-0A1B91BBC45F}"
EndProject
Project("{FAE04EC0-301F-11D3-BF4B-00C04F79EFBC}") = "UnitTests1", "UnitTests1\UnitTests1.csproj", "{242B4EFB-6F5C-433F-B04D-3B2D72FC7240}"
EndProject
Project("{FAE04EC0-301F-11D3-BF4B-00C04F79EFBC}") = "Ej2", "Ej2\Ej2.csproj", "{CF417F0A-AE8C-4B93-8ADA-98E7A29BEF05}"
EndProject
Project("{FAE04EC0-301F-11D3-BF4B-00C04F79EFBC}") = "Ej4", "Ej4\Ej4.csproj", "{6DC439A3-A227-4F13-B128-EC8F4451CED2}"
EndProject
Project("{FAE04EC0-301F-11D3-BF4B-00C04F79EFBC}") = "Ej6", "Ejj6\Ej6.csproj", "{661E23D0-456C-4673-BCF8-FB419F3B7968}"
EndProject
Global
	GlobalSection(SolutionConfigurationPlatforms) = preSolution
		Debug|Any CPU = Debug|Any CPU
		Release|Any CPU = Release|Any CPU
	EndGlobalSection
	GlobalSection(ProjectConfigurationPlatforms) = postSolution
		{A5EE95CB-C4EC-4352-BBE8-5DD468D4F81F}.Debug|Any CPU.ActiveCfg = Debug|Any CPU
		{A5EE95CB-C4EC-4352-BBE8-5DD468D4F81F}.Debug|Any CPU.Build.0 = Debug|Any CPU
		{A5EE95CB-C4EC-4352-BBE8-5DD468D4F81F}.Release|Any CPU.ActiveCfg = Release|Any CPU
		{A5EE95CB-C4EC-4352-BBE8-5DD468D4F81F}.Release|Any CPU.Build.0 = Release|Any CPU
		{91112AE7-471F-4F7C-A9DC-9AB799E91B73}.Debug|Any CPU.ActiveCfg = Debug|Any CPU
		{91112AE7-471F-4F7C-A9DC-9AB799E91B73}.Debug|Any CPU.Build.0 = Debug|Any CPU
		{91112AE7-471F-4F7C-A9DC-9AB799E91B73}.Release|Any CPU.ActiveCfg = Release|Any CPU
		{91112AE7-471F-4F7C-A9DC-9AB799E91B73}.Release|Any CPU.Build.0 = Release|Any CPU
		{872EDA0A-A9D0-4D9F-BFA1-288B2E258D18}.Debug|Any CPU.ActiveCfg = Debug|Any CPU
		{872EDA0A-A9D0-4D9F-BFA1-288B2E258D18}.Debug|Any CPU.Build.0 = Debug|Any CPU
		{872EDA0A-A9D0-4D9F-BFA1-288B2E258D18}.Release|Any CPU.ActiveCfg = Release|Any CPU
		{872EDA0A-A9D0-4D9F-BFA1-288B2E258D18}.Release|Any CPU.Build.0 = Release|Any CPU
		{07CAABFF-0B60-480E-85C2-0A1B91BBC45F}.Debug|Any CPU.ActiveCfg = Debug|Any CPU
		{07CAABFF-0B60-480E-85C2-0A1B91BBC45F}.Debug|Any CPU.Build.0 = Debug|Any CPU
		{07CAABFF-0B60-480E-85C2-0A1B91BBC45F}.Release|Any CPU.ActiveCfg = Release|Any CPU
		{07CAABFF-0B60-480E-85C2-0A1B91BBC45F}.Release|Any CPU.Build.0 = Release|Any CPU
		{242B4EFB-6F5C-433F-B04D-3B2D72FC7240}.Debug|Any CPU.ActiveCfg = Debug|Any CPU
		{242B4EFB-6F5C-433F-B04D-3B2D72FC7240}.Debug|Any CPU.Build.0 = Debug|Any CPU
		{242B4EFB-6F5C-433F-B04D-3B2D72FC7240}.Release|Any CPU.ActiveCfg = Release|Any CPU
		{242B4EFB-6F5C-433F-B04D-3B2D72FC7240}.Release|Any CPU.Build.0 = Release|Any CPU
		{CF417F0A-AE8C-4B93-8ADA-98E7A29BEF05}.Debug|Any CPU.ActiveCfg = Debug|Any CPU
		{CF417F0A-AE8C-4B93-8ADA-98E7A29BEF05}.Debug|Any CPU.Build.0 = Debug|Any CPU
		{CF417F0A-AE8C-4B93-8ADA-98E7A29BEF05}.Release|Any CPU.ActiveCfg = Release|Any CPU
		{CF417F0A-AE8C-4B93-8ADA-98E7A29BEF05}.Release|Any CPU.Build.0 = Release|Any CPU
		{6DC439A3-A227-4F13-B128-EC8F4451CED2}.Debug|Any CPU.ActiveCfg = Debug|Any CPU
		{6DC439A3-A227-4F13-B128-EC8F4451CED2}.Debug|Any CPU.Build.0 = Debug|Any CPU
		{6DC439A3-A227-4F13-B128-EC8F4451CED2}.Release|Any CPU.ActiveCfg = Release|Any CPU
		{6DC439A3-A227-4F13-B128-EC8F4451CED2}.Release|Any CPU.Build.0 = Release|Any CPU
		{661E23D0-456C-4673-BCF8-FB419F3B7968}.Debug|Any CPU.ActiveCfg = Debug|Any CPU
		{661E23D0-456C-4673-BCF8-FB419F3B7968}.Debug|Any CPU.Build.0 = Debug|Any CPU
		{661E23D0-456C-4673-BCF8-FB419F3B7968}.Release|Any CPU.ActiveCfg = Release|Any CPU
		{661E23D0-456C-4673-BCF8-FB419F3B7968}.Release|Any CPU.Build.0 = Release|Any CPU
	EndGlobalSection
	GlobalSection(SolutionProperties) = preSolution
		HideSolutionNode = FALSE
	EndGlobalSection
EndGlobal
