
Microsoft Visual Studio Solution File, Format Version 12.00
# Visual Studio 14
VisualStudioVersion = 14.0.25420.1
MinimumVisualStudioVersion = 10.0.40219.1
Project("{FAE04EC0-301F-11D3-BF4B-00C04F79EFBC}") = "Ej1", "Ej1\Ej1.csproj", "{A5EE95CB-C4EC-4352-BBE8-5DD468D4F81F}"
EndProject
Project("{FAE04EC0-301F-11D3-BF4B-00C04F79EFBC}") = "Ej5", "Ej6\Ej5.csproj", "{91112AE7-471F-4F7C-A9DC-9AB799E91B73}"
EndProject
Project("{FAE04EC0-301F-11D3-BF4B-00C04F79EFBC}") = "Ej3", "Ej3\Ej3.csproj", "{872EDA0A-A9D0-4D9F-BFA1-288B2E258D18}"
EndProject
Project("{FAE04EC0-301F-11D3-BF4B-00C04F79EFBC}") = "Ej2", "D:\Documentos\Visual Studio 2015\Projects\TP4_Grupo5\Ej2\Ej2.csproj", "{55BE32C0-8302-498B-B0D8-4F17428A9D31}"
EndProject
Project("{FAE04EC0-301F-11D3-BF4B-00C04F79EFBC}") = "Ej4", "D:\Documentos\Visual Studio 2015\Projects\TP4_Grupo5\Ej4\Ej4.csproj", "{E138DE52-074D-4469-93D1-855E78D32D44}"
EndProject
Project("{FAE04EC0-301F-11D3-BF4B-00C04F79EFBC}") = "MatematicaTests", "D:\Documentos\Visual Studio 2015\Projects\TP4_Grupo5\MatematicaTests\MatematicaTests.csproj", "{401BF65F-BA13-43CA-AD0D-6FFE274C78ED}"
EndProject
Global
	GlobalSection(SolutionConfigurationPlatforms) = preSolution
		Debug|Any CPU = Debug|Any CPU
		Release|Any CPU = Release|Any CPU
	EndGlobalSection
	GlobalSection(ProjectConfigurationPlatforms) = postSolution
		{A5EE95CB-C4EC-4352-BBE8-5DD468D4F81F}.Debug|Any CPU.ActiveCfg = Debug|Any CPU
		{A5EE95CB-C4EC-4352-BBE8-5DD468D4F81F}.Debug|Any CPU.Build.0 = Debug|Any CPU
		{A5EE95CB-C4EC-4352-BBE8-5DD468D4F81F}.Release|Any CPU.ActiveCfg = Release|Any CPU
		{A5EE95CB-C4EC-4352-BBE8-5DD468D4F81F}.Release|Any CPU.Build.0 = Release|Any CPU
		{91112AE7-471F-4F7C-A9DC-9AB799E91B73}.Debug|Any CPU.ActiveCfg = Debug|Any CPU
		{91112AE7-471F-4F7C-A9DC-9AB799E91B73}.Debug|Any CPU.Build.0 = Debug|Any CPU
		{91112AE7-471F-4F7C-A9DC-9AB799E91B73}.Release|Any CPU.ActiveCfg = Release|Any CPU
		{91112AE7-471F-4F7C-A9DC-9AB799E91B73}.Release|Any CPU.Build.0 = Release|Any CPU
		{872EDA0A-A9D0-4D9F-BFA1-288B2E258D18}.Debug|Any CPU.ActiveCfg = Debug|Any CPU
		{872EDA0A-A9D0-4D9F-BFA1-288B2E258D18}.Debug|Any CPU.Build.0 = Debug|Any CPU
		{872EDA0A-A9D0-4D9F-BFA1-288B2E258D18}.Release|Any CPU.ActiveCfg = Release|Any CPU
		{872EDA0A-A9D0-4D9F-BFA1-288B2E258D18}.Release|Any CPU.Build.0 = Release|Any CPU
		{55BE32C0-8302-498B-B0D8-4F17428A9D31}.Debug|Any CPU.ActiveCfg = Debug|Any CPU
		{55BE32C0-8302-498B-B0D8-4F17428A9D31}.Debug|Any CPU.Build.0 = Debug|Any CPU
		{55BE32C0-8302-498B-B0D8-4F17428A9D31}.Release|Any CPU.ActiveCfg = Release|Any CPU
		{55BE32C0-8302-498B-B0D8-4F17428A9D31}.Release|Any CPU.Build.0 = Release|Any CPU
		{E138DE52-074D-4469-93D1-855E78D32D44}.Debug|Any CPU.ActiveCfg = Debug|Any CPU
		{E138DE52-074D-4469-93D1-855E78D32D44}.Debug|Any CPU.Build.0 = Debug|Any CPU
		{E138DE52-074D-4469-93D1-855E78D32D44}.Release|Any CPU.ActiveCfg = Release|Any CPU
		{E138DE52-074D-4469-93D1-855E78D32D44}.Release|Any CPU.Build.0 = Release|Any CPU
		{401BF65F-BA13-43CA-AD0D-6FFE274C78ED}.Debug|Any CPU.ActiveCfg = Debug|Any CPU
		{401BF65F-BA13-43CA-AD0D-6FFE274C78ED}.Debug|Any CPU.Build.0 = Debug|Any CPU
		{401BF65F-BA13-43CA-AD0D-6FFE274C78ED}.Release|Any CPU.ActiveCfg = Release|Any CPU
		{401BF65F-BA13-43CA-AD0D-6FFE274C78ED}.Release|Any CPU.Build.0 = Release|Any CPU
	EndGlobalSection
	GlobalSection(SolutionProperties) = preSolution
		HideSolutionNode = FALSE
	EndGlobalSection
EndGlobal
