
Microsoft Visual Studio Solution File, Format Version 12.00
# Visual Studio 14
VisualStudioVersion = 14.0.25420.1
MinimumVisualStudioVersion = 10.0.40219.1
Project("{FAE04EC0-301F-11D3-BF4B-00C04F79EFBC}") = "Ej1", "Ej1\Ej1.csproj", "{A5EE95CB-C4EC-4352-BBE8-5DD468D4F81F}"
EndProject
Project("{FAE04EC0-301F-11D3-BF4B-00C04F79EFBC}") = "Ej5", "Ej6\Ej5.csproj", "{91112AE7-471F-4F7C-A9DC-9AB799E91B73}"
EndProject
Project("{FAE04EC0-301F-11D3-BF4B-00C04F79EFBC}") = "Ej3", "Ej3\Ej3.csproj", "{872EDA0A-A9D0-4D9F-BFA1-288B2E258D18}"
EndProject
Project("{FAE04EC0-301F-11D3-BF4B-00C04F79EFBC}") = "EJ7", "EJ7\EJ7.csproj", "{07CAABFF-0B60-480E-85C2-0A1B91BBC45F}"
EndProject
Project("{FAE04EC0-301F-11D3-BF4B-00C04F79EFBC}") = "Ej5.Tests", "Ej5.Tests\Ej5.Tests.csproj", "{B63AEB44-8210-4546-82F8-DA308315C898}"
EndProject
Global
	GlobalSection(SolutionConfigurationPlatforms) = preSolution
		Debug|Any CPU = Debug|Any CPU
		Release|Any CPU = Release|Any CPU
	EndGlobalSection
	GlobalSection(ProjectConfigurationPlatforms) = postSolution
		{A5EE95CB-C4EC-4352-BBE8-5DD468D4F81F}.Debug|Any CPU.ActiveCfg = Debug|Any CPU
		{A5EE95CB-C4EC-4352-BBE8-5DD468D4F81F}.Debug|Any CPU.Build.0 = Debug|Any CPU
		{A5EE95CB-C4EC-4352-BBE8-5DD468D4F81F}.Release|Any CPU.ActiveCfg = Release|Any CPU
		{A5EE95CB-C4EC-4352-BBE8-5DD468D4F81F}.Release|Any CPU.Build.0 = Release|Any CPU
		{91112AE7-471F-4F7C-A9DC-9AB799E91B73}.Debug|Any CPU.ActiveCfg = Debug|Any CPU
		{91112AE7-471F-4F7C-A9DC-9AB799E91B73}.Debug|Any CPU.Build.0 = Debug|Any CPU
		{91112AE7-471F-4F7C-A9DC-9AB799E91B73}.Release|Any CPU.ActiveCfg = Release|Any CPU
		{91112AE7-471F-4F7C-A9DC-9AB799E91B73}.Release|Any CPU.Build.0 = Release|Any CPU
		{872EDA0A-A9D0-4D9F-BFA1-288B2E258D18}.Debug|Any CPU.ActiveCfg = Debug|Any CPU
		{872EDA0A-A9D0-4D9F-BFA1-288B2E258D18}.Debug|Any CPU.Build.0 = Debug|Any CPU
		{872EDA0A-A9D0-4D9F-BFA1-288B2E258D18}.Release|Any CPU.ActiveCfg = Release|Any CPU
		{872EDA0A-A9D0-4D9F-BFA1-288B2E258D18}.Release|Any CPU.Build.0 = Release|Any CPU
		{07CAABFF-0B60-480E-85C2-0A1B91BBC45F}.Debug|Any CPU.ActiveCfg = Debug|Any CPU
		{07CAABFF-0B60-480E-85C2-0A1B91BBC45F}.Debug|Any CPU.Build.0 = Debug|Any CPU
		{07CAABFF-0B60-480E-85C2-0A1B91BBC45F}.Release|Any CPU.ActiveCfg = Release|Any CPU
		{07CAABFF-0B60-480E-85C2-0A1B91BBC45F}.Release|Any CPU.Build.0 = Release|Any CPU
		{B63AEB44-8210-4546-82F8-DA308315C898}.Debug|Any CPU.ActiveCfg = Debug|Any CPU
		{B63AEB44-8210-4546-82F8-DA308315C898}.Debug|Any CPU.Build.0 = Debug|Any CPU
		{B63AEB44-8210-4546-82F8-DA308315C898}.Release|Any CPU.ActiveCfg = Release|Any CPU
		{B63AEB44-8210-4546-82F8-DA308315C898}.Release|Any CPU.Build.0 = Release|Any CPU
	EndGlobalSection
	GlobalSection(SolutionProperties) = preSolution
		HideSolutionNode = FALSE
	EndGlobalSection
EndGlobal
